github.com/fatih/set v0.2.1 h1:nn2CaJyknWE/6txyUDGwysr3G5QC6xWB/PtVjPBbeaA=
github.com/fatih/set v0.2.1/go.mod h1:+RKtMCH+favT2+3YecHGxcc0b4KyVWA1QWWJUs4E0CI=
github.com/google/go-cmp v0.5.5 h1:Khx7svrCpmxxtHBq5j2mp/xVjsi8hQMfNLvJFAlrGgU=
github.com/google/go-cmp v0.5.5/go.mod h1:v8dTdLbMG2kIc/vJvl+f65V22dbkXbowE6jgT/gNBxE=
github.com/jstemmer/go-junit-report v0.9.1 h1:6QPYqodiu3GuPL+7mfx+NwDdp2eTkp9IfEUpgAwUN0o=
github.com/jstemmer/go-junit-report v0.9.1/go.mod h1:Brl9GWCQeLvo8nXZwPNNblvFj/XSXhF0NWZEnDohbsk=
github.com/pkg/errors v0.9.1 h1:FEBLx1zS214owpjy7qsBeixbURkuhQAwrK5UwLGTwt4=
github.com/pkg/errors v0.9.1/go.mod h1:bwawxfHBFNV+L2hUp1rHADufV3IMtnDRdf1r5NINEl0=
github.com/scylladb/go-set v1.0.2 h1:SkvlMCKhP0wyyct6j+0IHJkBkSZL+TDzZ4E7f7BCcRE=
github.com/scylladb/go-set v1.0.2/go.mod h1:DkpGd78rljTxKAnTDPFqXSGxvETQnJyuSOQwsHycqfs=
golang.org/x/xerrors v0.0.0-20191204190536-9bdfabe68543 h1:E7g+9GITq07hpfrRu66IVDexMakfv52eLZ2CXBWiKr4=
golang.org/x/xerrors v0.0.0-20191204190536-9bdfabe68543/go.mod h1:I/5z698sn9Ka8TeJc9MKroUUfqBBauWjQqLJ2OPfmY0=
